
Microsoft Visual Studio Solution File, Format Version 12.00
# Visual Studio 15
VisualStudioVersion = 15.0.27703.2042
MinimumVisualStudioVersion = 10.0.40219.1
Project("{FAE04EC0-301F-11D3-BF4B-00C04F79EFBC}") = "HandsOnAzureCosmosDB", "HandsOnAzureCosmosDB\HandsOnAzureCosmosDB.csproj", "{7BEFF044-635A-4B4D-B80B-93149494C09E}"
EndProject
Global
	GlobalSection(SolutionConfigurationPlatforms) = preSolution
		Debug|Any CPU = Debug|Any CPU
		Release|Any CPU = Release|Any CPU
	EndGlobalSection
	GlobalSection(ProjectConfigurationPlatforms) = postSolution
		{7BEFF044-635A-4B4D-B80B-93149494C09E}.Debug|Any CPU.ActiveCfg = Debug|Any CPU
		{7BEFF044-635A-4B4D-B80B-93149494C09E}.Debug|Any CPU.Build.0 = Debug|Any CPU
		{7BEFF044-635A-4B4D-B80B-93149494C09E}.Release|Any CPU.ActiveCfg = Release|Any CPU
		{7BEFF044-635A-4B4D-B80B-93149494C09E}.Release|Any CPU.Build.0 = Release|Any CPU
	EndGlobalSection
	GlobalSection(SolutionProperties) = preSolution
		HideSolutionNode = FALSE
	EndGlobalSection
	GlobalSection(ExtensibilityGlobals) = postSolution
		SolutionGuid = {3CCE1B2B-BF59-4CFE-BA57-658965318D35}
	EndGlobalSection
EndGlobal
