
Microsoft Visual Studio Solution File, Format Version 12.00
# Visual Studio 15
VisualStudioVersion = 15.0.27428.2015
MinimumVisualStudioVersion = 10.0.40219.1
Project("{FAE04EC0-301F-11D3-BF4B-00C04F79EFBC}") = "MyFirstWebJob", "MyFirstWebJob\MyFirstWebJob.csproj", "{154334D2-ED67-4016-9D20-9544A5F095E8}"
EndProject
Global
	GlobalSection(SolutionConfigurationPlatforms) = preSolution
		Debug|Any CPU = Debug|Any CPU
		Release|Any CPU = Release|Any CPU
	EndGlobalSection
	GlobalSection(ProjectConfigurationPlatforms) = postSolution
		{154334D2-ED67-4016-9D20-9544A5F095E8}.Debug|Any CPU.ActiveCfg = Debug|Any CPU
		{154334D2-ED67-4016-9D20-9544A5F095E8}.Debug|Any CPU.Build.0 = Debug|Any CPU
		{154334D2-ED67-4016-9D20-9544A5F095E8}.Release|Any CPU.ActiveCfg = Release|Any CPU
		{154334D2-ED67-4016-9D20-9544A5F095E8}.Release|Any CPU.Build.0 = Release|Any CPU
	EndGlobalSection
	GlobalSection(SolutionProperties) = preSolution
		HideSolutionNode = FALSE
	EndGlobalSection
	GlobalSection(ExtensibilityGlobals) = postSolution
		SolutionGuid = {21E69B62-A327-4677-93D1-626B3AE3A51B}
	EndGlobalSection
EndGlobal
