
Microsoft Visual Studio Solution File, Format Version 12.00
# Visual Studio 15
VisualStudioVersion = 15.0.28010.2016
MinimumVisualStudioVersion = 10.0.40219.1
Project("{FAE04EC0-301F-11D3-BF4B-00C04F79EFBC}") = "HandsOnAzure.ServiceBus", "HandsOnAzure.ServiceBus.csproj", "{27DCEF23-BC7B-4F7B-A9A1-753CD5246D07}"
EndProject
Project("{FAE04EC0-301F-11D3-BF4B-00C04F79EFBC}") = "HandsOnAzure.ServiceBus.Reader", "..\HandsOnAzure.ServiceBus.Reader\HandsOnAzure.ServiceBus.Reader.csproj", "{A643886C-C795-4338-AFDA-16D15EB4378A}"
EndProject
Global
	GlobalSection(SolutionConfigurationPlatforms) = preSolution
		Debug|Any CPU = Debug|Any CPU
		Release|Any CPU = Release|Any CPU
	EndGlobalSection
	GlobalSection(ProjectConfigurationPlatforms) = postSolution
		{27DCEF23-BC7B-4F7B-A9A1-753CD5246D07}.Debug|Any CPU.ActiveCfg = Debug|Any CPU
		{27DCEF23-BC7B-4F7B-A9A1-753CD5246D07}.Debug|Any CPU.Build.0 = Debug|Any CPU
		{27DCEF23-BC7B-4F7B-A9A1-753CD5246D07}.Release|Any CPU.ActiveCfg = Release|Any CPU
		{27DCEF23-BC7B-4F7B-A9A1-753CD5246D07}.Release|Any CPU.Build.0 = Release|Any CPU
		{A643886C-C795-4338-AFDA-16D15EB4378A}.Debug|Any CPU.ActiveCfg = Debug|Any CPU
		{A643886C-C795-4338-AFDA-16D15EB4378A}.Debug|Any CPU.Build.0 = Debug|Any CPU
		{A643886C-C795-4338-AFDA-16D15EB4378A}.Release|Any CPU.ActiveCfg = Release|Any CPU
		{A643886C-C795-4338-AFDA-16D15EB4378A}.Release|Any CPU.Build.0 = Release|Any CPU
	EndGlobalSection
	GlobalSection(SolutionProperties) = preSolution
		HideSolutionNode = FALSE
	EndGlobalSection
	GlobalSection(ExtensibilityGlobals) = postSolution
		SolutionGuid = {04B0C717-C781-4155-AED4-4903BB4A0F26}
	EndGlobalSection
EndGlobal
