
Microsoft Visual Studio Solution File, Format Version 12.00
# Visual Studio 15
VisualStudioVersion = 15.0.27428.2015
MinimumVisualStudioVersion = 10.0.40219.1
Project("{FAE04EC0-301F-11D3-BF4B-00C04F79EFBC}") = "VisualStudioWebApplication", "VisualStudioWebApplication\VisualStudioWebApplication.csproj", "{52B50797-4BAE-48CB-BA67-2E42132543ED}"
EndProject
Global
	GlobalSection(SolutionConfigurationPlatforms) = preSolution
		Debug|Any CPU = Debug|Any CPU
		Release|Any CPU = Release|Any CPU
	EndGlobalSection
	GlobalSection(ProjectConfigurationPlatforms) = postSolution
		{52B50797-4BAE-48CB-BA67-2E42132543ED}.Debug|Any CPU.ActiveCfg = Debug|Any CPU
		{52B50797-4BAE-48CB-BA67-2E42132543ED}.Debug|Any CPU.Build.0 = Debug|Any CPU
		{52B50797-4BAE-48CB-BA67-2E42132543ED}.Release|Any CPU.ActiveCfg = Release|Any CPU
		{52B50797-4BAE-48CB-BA67-2E42132543ED}.Release|Any CPU.Build.0 = Release|Any CPU
	EndGlobalSection
	GlobalSection(SolutionProperties) = preSolution
		HideSolutionNode = FALSE
	EndGlobalSection
	GlobalSection(ExtensibilityGlobals) = postSolution
		SolutionGuid = {B6E0E804-5CCB-4734-A689-22FC5697D568}
	EndGlobalSection
EndGlobal
